// !$*UTF8*$!
{
	archiveVersion = 1;
	classes = {
	};
	objectVersion = 45;
	objects = {

/* Begin PBXBuildFile section */
		1D3623260D0F684500981E51 /* RegularReminderAppDelegate.m in Sources */ = {isa = PBXBuildFile; fileRef = 1D3623250D0F684500981E51 /* RegularReminderAppDelegate.m */; };
		1D60589B0D05DD56006BFB54 /* main.m in Sources */ = {isa = PBXBuildFile; fileRef = 29B97316FDCFA39411CA2CEA /* main.m */; };
		1D60589F0D05DD5A006BFB54 /* Foundation.framework in Frameworks */ = {isa = PBXBuildFile; fileRef = 1D30AB110D05D00D00671497 /* Foundation.framework */; };
		1DF5F4E00D08C38300B7A737 /* UIKit.framework in Frameworks */ = {isa = PBXBuildFile; fileRef = 1DF5F4DF0D08C38300B7A737 /* UIKit.framework */; };
		2892E4100DC94CBA00A64D0F /* CoreGraphics.framework in Frameworks */ = {isa = PBXBuildFile; fileRef = 2892E40F0DC94CBA00A64D0F /* CoreGraphics.framework */; };
		2899E5600DE3E45000AC0155 /* RootViewController.xib in Resources */ = {isa = PBXBuildFile; fileRef = 2899E55F0DE3E45000AC0155 /* RootViewController.xib */; };
		28AD73600D9D9599002E5188 /* MainWindow.xib in Resources */ = {isa = PBXBuildFile; fileRef = 28AD735F0D9D9599002E5188 /* MainWindow.xib */; };
		28C286E10D94DF7D0034E888 /* RootViewController.m in Sources */ = {isa = PBXBuildFile; fileRef = 28C286E00D94DF7D0034E888 /* RootViewController.m */; };
		651EAA320F4BA068000D9C76 /* Medication.m in Sources */ = {isa = PBXBuildFile; fileRef = 651EAA310F4BA068000D9C76 /* Medication.m */; };
		6536BCEB0F503B8D00E381FD /* NSData-SQLitePersistence.m in Sources */ = {isa = PBXBuildFile; fileRef = 6536BCCC0F503B8C00E381FD /* NSData-SQLitePersistence.m */; };
		6536BCEC0F503B8D00E381FD /* NSDate-SQLitePersistence.m in Sources */ = {isa = PBXBuildFile; fileRef = 6536BCCE0F503B8C00E381FD /* NSDate-SQLitePersistence.m */; };
		6536BCED0F503B8D00E381FD /* NSMutableArray-MultipleSort.m in Sources */ = {isa = PBXBuildFile; fileRef = 6536BCD00F503B8C00E381FD /* NSMutableArray-MultipleSort.m */; };
		6536BCEE0F503B8D00E381FD /* NSMutableData-SQLitePersistence.m in Sources */ = {isa = PBXBuildFile; fileRef = 6536BCD20F503B8C00E381FD /* NSMutableData-SQLitePersistence.m */; };
		6536BCEF0F503B8D00E381FD /* NSNumber-SQLitePersistence.m in Sources */ = {isa = PBXBuildFile; fileRef = 6536BCD40F503B8C00E381FD /* NSNumber-SQLitePersistence.m */; };
		6536BCF00F503B8D00E381FD /* NSObject-ClassName.m in Sources */ = {isa = PBXBuildFile; fileRef = 6536BCD60F503B8C00E381FD /* NSObject-ClassName.m */; };
		6536BCF10F503B8D00E381FD /* NSObject-MissingKV.m in Sources */ = {isa = PBXBuildFile; fileRef = 6536BCD80F503B8C00E381FD /* NSObject-MissingKV.m */; };
		6536BCF20F503B8D00E381FD /* NSObject-SQLitePersistence.m in Sources */ = {isa = PBXBuildFile; fileRef = 6536BCDA0F503B8C00E381FD /* NSObject-SQLitePersistence.m */; };
		6536BCF30F503B8D00E381FD /* NSString-NumberStuff.m in Sources */ = {isa = PBXBuildFile; fileRef = 6536BCDC0F503B8C00E381FD /* NSString-NumberStuff.m */; };
		6536BCF40F503B8D00E381FD /* NSString-SQLiteColumnName.m in Sources */ = {isa = PBXBuildFile; fileRef = 6536BCDE0F503B8C00E381FD /* NSString-SQLiteColumnName.m */; };
		6536BCF50F503B8D00E381FD /* NSString-SQLitePersistence.m in Sources */ = {isa = PBXBuildFile; fileRef = 6536BCE00F503B8C00E381FD /* NSString-SQLitePersistence.m */; };
		6536BCF60F503B8D00E381FD /* NSString-UppercaseFirst.m in Sources */ = {isa = PBXBuildFile; fileRef = 6536BCE20F503B8D00E381FD /* NSString-UppercaseFirst.m */; };
		6536BCF70F503B8D00E381FD /* SQLiteInstanceManager.m in Sources */ = {isa = PBXBuildFile; fileRef = 6536BCE40F503B8D00E381FD /* SQLiteInstanceManager.m */; };
		6536BCF80F503B8D00E381FD /* SQLitePersistentObject.m in Sources */ = {isa = PBXBuildFile; fileRef = 6536BCE60F503B8D00E381FD /* SQLitePersistentObject.m */; };
		6536BCF90F503B8D00E381FD /* UIColor-SQLitePersistentObject.m in Sources */ = {isa = PBXBuildFile; fileRef = 6536BCE80F503B8D00E381FD /* UIColor-SQLitePersistentObject.m */; };
		6536BCFA0F503B8D00E381FD /* UIImage-SQLitePersistence.m in Sources */ = {isa = PBXBuildFile; fileRef = 6536BCEA0F503B8D00E381FD /* UIImage-SQLitePersistence.m */; };
		6536BD440F50492300E381FD /* ReminderIntervalPicker.m in Sources */ = {isa = PBXBuildFile; fileRef = 6536BD430F50492300E381FD /* ReminderIntervalPicker.m */; };
		6536BEB60F506CA300E381FD /* ReminderCell.m in Sources */ = {isa = PBXBuildFile; fileRef = 6536BEB50F506CA300E381FD /* ReminderCell.m */; };
		6536BEB80F506CBE00E381FD /* ReminderCell.xib in Resources */ = {isa = PBXBuildFile; fileRef = 6536BEB70F506CBE00E381FD /* ReminderCell.xib */; };
		654597D50F54FAC80098678A /* blueButton.png in Resources */ = {isa = PBXBuildFile; fileRef = 654597D40F54FAC80098678A /* blueButton.png */; };
		654598820F55133F0098678A /* QuartzCore.framework in Frameworks */ = {isa = PBXBuildFile; fileRef = 654598810F55133F0098678A /* QuartzCore.framework */; };
		656BC31D0F47A79800FF25A5 /* MedicationDetailsController.m in Sources */ = {isa = PBXBuildFile; fileRef = 656BC31C0F47A79800FF25A5 /* MedicationDetailsController.m */; };
		656BC3790F47AD1300FF25A5 /* ReminderDetails.xib in Resources */ = {isa = PBXBuildFile; fileRef = 656BC3780F47AD1300FF25A5 /* ReminderDetails.xib */; };
		658354240F757EAF00CE5B54 /* MedicationSearchController.m in Sources */ = {isa = PBXBuildFile; fileRef = 658354230F757EAF00CE5B54 /* MedicationSearchController.m */; };
		6583543A0F75800A00CE5B54 /* NSDictionary-MutableDeepCopy.m in Sources */ = {isa = PBXBuildFile; fileRef = 658354380F75800A00CE5B54 /* NSDictionary-MutableDeepCopy.m */; };
		658354420F75817400CE5B54 /* MedicationSearch.xib in Resources */ = {isa = PBXBuildFile; fileRef = 658354410F75817400CE5B54 /* MedicationSearch.xib */; };
		658354630F75874200CE5B54 /* searchicon.png in Resources */ = {isa = PBXBuildFile; fileRef = 658354620F75874200CE5B54 /* searchicon.png */; };
		65BC32620F4B9CF7007A38C6 /* libsqlite3.dylib in Frameworks */ = {isa = PBXBuildFile; fileRef = 65BC32610F4B9CF7007A38C6 /* libsqlite3.dylib */; };
		65E3FBBC0F7FE28F00EFD27D /* medications.plist in Resources */ = {isa = PBXBuildFile; fileRef = 65E3FBBB0F7FE28F00EFD27D /* medications.plist */; };
		65FBB7990F6205AA000A43F1 /* MedicationLog.m in Sources */ = {isa = PBXBuildFile; fileRef = 65FBB7980F6205AA000A43F1 /* MedicationLog.m */; };
/* End PBXBuildFile section */

/* Begin PBXFileReference section */
		1D30AB110D05D00D00671497 /* Foundation.framework */ = {isa = PBXFileReference; lastKnownFileType = wrapper.framework; name = Foundation.framework; path = System/Library/Frameworks/Foundation.framework; sourceTree = SDKROOT; };
		1D3623240D0F684500981E51 /* RegularReminderAppDelegate.h */ = {isa = PBXFileReference; fileEncoding = 4; lastKnownFileType = sourcecode.c.h; path = RegularReminderAppDelegate.h; sourceTree = "<group>"; };
		1D3623250D0F684500981E51 /* RegularReminderAppDelegate.m */ = {isa = PBXFileReference; fileEncoding = 4; lastKnownFileType = sourcecode.c.objc; path = RegularReminderAppDelegate.m; sourceTree = "<group>"; };
		1D6058910D05DD3D006BFB54 /* iMeds.app */ = {isa = PBXFileReference; explicitFileType = wrapper.application; includeInIndex = 0; path = iMeds.app; sourceTree = BUILT_PRODUCTS_DIR; };
		1DF5F4DF0D08C38300B7A737 /* UIKit.framework */ = {isa = PBXFileReference; lastKnownFileType = wrapper.framework; name = UIKit.framework; path = System/Library/Frameworks/UIKit.framework; sourceTree = SDKROOT; };
		2892E40F0DC94CBA00A64D0F /* CoreGraphics.framework */ = {isa = PBXFileReference; lastKnownFileType = wrapper.framework; name = CoreGraphics.framework; path = System/Library/Frameworks/CoreGraphics.framework; sourceTree = SDKROOT; };
		2899E55F0DE3E45000AC0155 /* RootViewController.xib */ = {isa = PBXFileReference; lastKnownFileType = file.xib; path = RootViewController.xib; sourceTree = "<group>"; };
		28A0AAE50D9B0CCF005BE974 /* RegularReminder_Prefix.pch */ = {isa = PBXFileReference; fileEncoding = 4; lastKnownFileType = sourcecode.c.h; path = RegularReminder_Prefix.pch; sourceTree = "<group>"; };
		28AD735F0D9D9599002E5188 /* MainWindow.xib */ = {isa = PBXFileReference; lastKnownFileType = file.xib; path = MainWindow.xib; sourceTree = "<group>"; };
		28C286DF0D94DF7D0034E888 /* RootViewController.h */ = {isa = PBXFileReference; fileEncoding = 4; lastKnownFileType = sourcecode.c.h; path = RootViewController.h; sourceTree = "<group>"; };
		28C286E00D94DF7D0034E888 /* RootViewController.m */ = {isa = PBXFileReference; fileEncoding = 4; lastKnownFileType = sourcecode.c.objc; path = RootViewController.m; sourceTree = "<group>"; };
		29B97316FDCFA39411CA2CEA /* main.m */ = {isa = PBXFileReference; fileEncoding = 4; lastKnownFileType = sourcecode.c.objc; path = main.m; sourceTree = "<group>"; };
		651EAA300F4BA068000D9C76 /* Medication.h */ = {isa = PBXFileReference; fileEncoding = 4; lastKnownFileType = sourcecode.c.h; path = Medication.h; sourceTree = "<group>"; };
		651EAA310F4BA068000D9C76 /* Medication.m */ = {isa = PBXFileReference; fileEncoding = 4; lastKnownFileType = sourcecode.c.objc; path = Medication.m; sourceTree = "<group>"; };
		6536BCCB0F503B8C00E381FD /* NSData-SQLitePersistence.h */ = {isa = PBXFileReference; fileEncoding = 4; lastKnownFileType = sourcecode.c.h; path = "NSData-SQLitePersistence.h"; sourceTree = "<group>"; };
		6536BCCC0F503B8C00E381FD /* NSData-SQLitePersistence.m */ = {isa = PBXFileReference; fileEncoding = 4; lastKnownFileType = sourcecode.c.objc; path = "NSData-SQLitePersistence.m"; sourceTree = "<group>"; };
		6536BCCD0F503B8C00E381FD /* NSDate-SQLitePersistence.h */ = {isa = PBXFileReference; fileEncoding = 4; lastKnownFileType = sourcecode.c.h; path = "NSDate-SQLitePersistence.h"; sourceTree = "<group>"; };
		6536BCCE0F503B8C00E381FD /* NSDate-SQLitePersistence.m */ = {isa = PBXFileReference; fileEncoding = 4; lastKnownFileType = sourcecode.c.objc; path = "NSDate-SQLitePersistence.m"; sourceTree = "<group>"; };
		6536BCCF0F503B8C00E381FD /* NSMutableArray-MultipleSort.h */ = {isa = PBXFileReference; fileEncoding = 4; lastKnownFileType = sourcecode.c.h; path = "NSMutableArray-MultipleSort.h"; sourceTree = "<group>"; };
		6536BCD00F503B8C00E381FD /* NSMutableArray-MultipleSort.m */ = {isa = PBXFileReference; fileEncoding = 4; lastKnownFileType = sourcecode.c.objc; path = "NSMutableArray-MultipleSort.m"; sourceTree = "<group>"; };
		6536BCD10F503B8C00E381FD /* NSMutableData-SQLitePersistence.h */ = {isa = PBXFileReference; fileEncoding = 4; lastKnownFileType = sourcecode.c.h; path = "NSMutableData-SQLitePersistence.h"; sourceTree = "<group>"; };
		6536BCD20F503B8C00E381FD /* NSMutableData-SQLitePersistence.m */ = {isa = PBXFileReference; fileEncoding = 4; lastKnownFileType = sourcecode.c.objc; path = "NSMutableData-SQLitePersistence.m"; sourceTree = "<group>"; };
		6536BCD30F503B8C00E381FD /* NSNumber-SQLitePersistence.h */ = {isa = PBXFileReference; fileEncoding = 4; lastKnownFileType = sourcecode.c.h; path = "NSNumber-SQLitePersistence.h"; sourceTree = "<group>"; };
		6536BCD40F503B8C00E381FD /* NSNumber-SQLitePersistence.m */ = {isa = PBXFileReference; fileEncoding = 4; lastKnownFileType = sourcecode.c.objc; path = "NSNumber-SQLitePersistence.m"; sourceTree = "<group>"; };
		6536BCD50F503B8C00E381FD /* NSObject-ClassName.h */ = {isa = PBXFileReference; fileEncoding = 4; lastKnownFileType = sourcecode.c.h; path = "NSObject-ClassName.h"; sourceTree = "<group>"; };
		6536BCD60F503B8C00E381FD /* NSObject-ClassName.m */ = {isa = PBXFileReference; fileEncoding = 4; lastKnownFileType = sourcecode.c.objc; path = "NSObject-ClassName.m"; sourceTree = "<group>"; };
		6536BCD70F503B8C00E381FD /* NSObject-MissingKV.h */ = {isa = PBXFileReference; fileEncoding = 4; lastKnownFileType = sourcecode.c.h; path = "NSObject-MissingKV.h"; sourceTree = "<group>"; };
		6536BCD80F503B8C00E381FD /* NSObject-MissingKV.m */ = {isa = PBXFileReference; fileEncoding = 4; lastKnownFileType = sourcecode.c.objc; path = "NSObject-MissingKV.m"; sourceTree = "<group>"; };
		6536BCD90F503B8C00E381FD /* NSObject-SQLitePersistence.h */ = {isa = PBXFileReference; fileEncoding = 4; lastKnownFileType = sourcecode.c.h; path = "NSObject-SQLitePersistence.h"; sourceTree = "<group>"; };
		6536BCDA0F503B8C00E381FD /* NSObject-SQLitePersistence.m */ = {isa = PBXFileReference; fileEncoding = 4; lastKnownFileType = sourcecode.c.objc; path = "NSObject-SQLitePersistence.m"; sourceTree = "<group>"; };
		6536BCDB0F503B8C00E381FD /* NSString-NumberStuff.h */ = {isa = PBXFileReference; fileEncoding = 4; lastKnownFileType = sourcecode.c.h; path = "NSString-NumberStuff.h"; sourceTree = "<group>"; };
		6536BCDC0F503B8C00E381FD /* NSString-NumberStuff.m */ = {isa = PBXFileReference; fileEncoding = 4; lastKnownFileType = sourcecode.c.objc; path = "NSString-NumberStuff.m"; sourceTree = "<group>"; };
		6536BCDD0F503B8C00E381FD /* NSString-SQLiteColumnName.h */ = {isa = PBXFileReference; fileEncoding = 4; lastKnownFileType = sourcecode.c.h; path = "NSString-SQLiteColumnName.h"; sourceTree = "<group>"; };
		6536BCDE0F503B8C00E381FD /* NSString-SQLiteColumnName.m */ = {isa = PBXFileReference; fileEncoding = 4; lastKnownFileType = sourcecode.c.objc; path = "NSString-SQLiteColumnName.m"; sourceTree = "<group>"; };
		6536BCDF0F503B8C00E381FD /* NSString-SQLitePersistence.h */ = {isa = PBXFileReference; fileEncoding = 4; lastKnownFileType = sourcecode.c.h; path = "NSString-SQLitePersistence.h"; sourceTree = "<group>"; };
		6536BCE00F503B8C00E381FD /* NSString-SQLitePersistence.m */ = {isa = PBXFileReference; fileEncoding = 4; lastKnownFileType = sourcecode.c.objc; path = "NSString-SQLitePersistence.m"; sourceTree = "<group>"; };
		6536BCE10F503B8D00E381FD /* NSString-UppercaseFirst.h */ = {isa = PBXFileReference; fileEncoding = 4; lastKnownFileType = sourcecode.c.h; path = "NSString-UppercaseFirst.h"; sourceTree = "<group>"; };
		6536BCE20F503B8D00E381FD /* NSString-UppercaseFirst.m */ = {isa = PBXFileReference; fileEncoding = 4; lastKnownFileType = sourcecode.c.objc; path = "NSString-UppercaseFirst.m"; sourceTree = "<group>"; };
		6536BCE30F503B8D00E381FD /* SQLiteInstanceManager.h */ = {isa = PBXFileReference; fileEncoding = 4; lastKnownFileType = sourcecode.c.h; path = SQLiteInstanceManager.h; sourceTree = "<group>"; };
		6536BCE40F503B8D00E381FD /* SQLiteInstanceManager.m */ = {isa = PBXFileReference; fileEncoding = 4; lastKnownFileType = sourcecode.c.objc; path = SQLiteInstanceManager.m; sourceTree = "<group>"; };
		6536BCE50F503B8D00E381FD /* SQLitePersistentObject.h */ = {isa = PBXFileReference; fileEncoding = 4; lastKnownFileType = sourcecode.c.h; path = SQLitePersistentObject.h; sourceTree = "<group>"; };
		6536BCE60F503B8D00E381FD /* SQLitePersistentObject.m */ = {isa = PBXFileReference; fileEncoding = 4; lastKnownFileType = sourcecode.c.objc; path = SQLitePersistentObject.m; sourceTree = "<group>"; };
		6536BCE70F503B8D00E381FD /* UIColor-SQLitePersistentObject.h */ = {isa = PBXFileReference; fileEncoding = 4; lastKnownFileType = sourcecode.c.h; path = "UIColor-SQLitePersistentObject.h"; sourceTree = "<group>"; };
		6536BCE80F503B8D00E381FD /* UIColor-SQLitePersistentObject.m */ = {isa = PBXFileReference; fileEncoding = 4; lastKnownFileType = sourcecode.c.objc; path = "UIColor-SQLitePersistentObject.m"; sourceTree = "<group>"; };
		6536BCE90F503B8D00E381FD /* UIImage-SQLitePersistence.h */ = {isa = PBXFileReference; fileEncoding = 4; lastKnownFileType = sourcecode.c.h; path = "UIImage-SQLitePersistence.h"; sourceTree = "<group>"; };
		6536BCEA0F503B8D00E381FD /* UIImage-SQLitePersistence.m */ = {isa = PBXFileReference; fileEncoding = 4; lastKnownFileType = sourcecode.c.objc; path = "UIImage-SQLitePersistence.m"; sourceTree = "<group>"; };
		6536BD420F50492300E381FD /* ReminderIntervalPicker.h */ = {isa = PBXFileReference; fileEncoding = 4; lastKnownFileType = sourcecode.c.h; name = ReminderIntervalPicker.h; path = ../ReminderIntervalPicker.h; sourceTree = "<group>"; };
		6536BD430F50492300E381FD /* ReminderIntervalPicker.m */ = {isa = PBXFileReference; fileEncoding = 4; lastKnownFileType = sourcecode.c.objc; name = ReminderIntervalPicker.m; path = ../ReminderIntervalPicker.m; sourceTree = "<group>"; };
		6536BEB40F506CA300E381FD /* ReminderCell.h */ = {isa = PBXFileReference; fileEncoding = 4; lastKnownFileType = sourcecode.c.h; name = ReminderCell.h; path = ../ReminderCell.h; sourceTree = "<group>"; };
		6536BEB50F506CA300E381FD /* ReminderCell.m */ = {isa = PBXFileReference; fileEncoding = 4; lastKnownFileType = sourcecode.c.objc; name = ReminderCell.m; path = ../ReminderCell.m; sourceTree = "<group>"; };
		6536BEB70F506CBE00E381FD /* ReminderCell.xib */ = {isa = PBXFileReference; lastKnownFileType = file.xib; path = ReminderCell.xib; sourceTree = "<group>"; };
		654597D40F54FAC80098678A /* blueButton.png */ = {isa = PBXFileReference; lastKnownFileType = image.png; path = blueButton.png; sourceTree = "<group>"; };
		654598810F55133F0098678A /* QuartzCore.framework */ = {isa = PBXFileReference; lastKnownFileType = wrapper.framework; name = QuartzCore.framework; path = System/Library/Frameworks/QuartzCore.framework; sourceTree = SDKROOT; };
		656BC31B0F47A79800FF25A5 /* MedicationDetailsController.h */ = {isa = PBXFileReference; fileEncoding = 4; lastKnownFileType = sourcecode.c.h; path = MedicationDetailsController.h; sourceTree = "<group>"; };
		656BC31C0F47A79800FF25A5 /* MedicationDetailsController.m */ = {isa = PBXFileReference; fileEncoding = 4; lastKnownFileType = sourcecode.c.objc; path = MedicationDetailsController.m; sourceTree = "<group>"; };
		656BC3780F47AD1300FF25A5 /* ReminderDetails.xib */ = {isa = PBXFileReference; lastKnownFileType = file.xib; path = ReminderDetails.xib; sourceTree = "<group>"; };
		658354220F757EAF00CE5B54 /* MedicationSearchController.h */ = {isa = PBXFileReference; fileEncoding = 4; lastKnownFileType = sourcecode.c.h; path = MedicationSearchController.h; sourceTree = "<group>"; };
		658354230F757EAF00CE5B54 /* MedicationSearchController.m */ = {isa = PBXFileReference; fileEncoding = 4; lastKnownFileType = sourcecode.c.objc; path = MedicationSearchController.m; sourceTree = "<group>"; };
		658354380F75800A00CE5B54 /* NSDictionary-MutableDeepCopy.m */ = {isa = PBXFileReference; fileEncoding = 4; lastKnownFileType = sourcecode.c.objc; path = "NSDictionary-MutableDeepCopy.m"; sourceTree = "<group>"; };
		658354390F75800A00CE5B54 /* NSDictionary-MutableDeepCopy.h */ = {isa = PBXFileReference; fileEncoding = 4; lastKnownFileType = sourcecode.c.h; path = "NSDictionary-MutableDeepCopy.h"; sourceTree = "<group>"; };
		658354410F75817400CE5B54 /* MedicationSearch.xib */ = {isa = PBXFileReference; lastKnownFileType = file.xib; path = MedicationSearch.xib; sourceTree = "<group>"; };
		658354620F75874200CE5B54 /* searchicon.png */ = {isa = PBXFileReference; lastKnownFileType = image.png; path = searchicon.png; sourceTree = "<group>"; };
		65BC32610F4B9CF7007A38C6 /* libsqlite3.dylib */ = {isa = PBXFileReference; lastKnownFileType = "compiled.mach-o.dylib"; name = libsqlite3.dylib; path = ../../../../../../Users/daniel/cocoa/iphone/RegularReminder/libsqlite3.dylib; sourceTree = SDKROOT; };
		65E3FBBB0F7FE28F00EFD27D /* medications.plist */ = {isa = PBXFileReference; fileEncoding = 4; lastKnownFileType = text.plist.xml; path = medications.plist; sourceTree = "<group>"; };
		65FBB7970F6205AA000A43F1 /* MedicationLog.h */ = {isa = PBXFileReference; fileEncoding = 4; lastKnownFileType = sourcecode.c.h; path = MedicationLog.h; sourceTree = "<group>"; };
		65FBB7980F6205AA000A43F1 /* MedicationLog.m */ = {isa = PBXFileReference; fileEncoding = 4; lastKnownFileType = sourcecode.c.objc; path = MedicationLog.m; sourceTree = "<group>"; };
		8D1107310486CEB800E47090 /* Info.plist */ = {isa = PBXFileReference; fileEncoding = 4; lastKnownFileType = text.plist.xml; path = Info.plist; sourceTree = "<group>"; };
/* End PBXFileReference section */

/* Begin PBXFrameworksBuildPhase section */
		1D60588F0D05DD3D006BFB54 /* Frameworks */ = {
			isa = PBXFrameworksBuildPhase;
			buildActionMask = 2147483647;
			files = (
				1D60589F0D05DD5A006BFB54 /* Foundation.framework in Frameworks */,
				1DF5F4E00D08C38300B7A737 /* UIKit.framework in Frameworks */,
				2892E4100DC94CBA00A64D0F /* CoreGraphics.framework in Frameworks */,
				65BC32620F4B9CF7007A38C6 /* libsqlite3.dylib in Frameworks */,
				654598820F55133F0098678A /* QuartzCore.framework in Frameworks */,
			);
			runOnlyForDeploymentPostprocessing = 0;
		};
/* End PBXFrameworksBuildPhase section */

/* Begin PBXGroup section */
		080E96DDFE201D6D7F000001 /* Classes */ = {
			isa = PBXGroup;
			children = (
				658354350F757F9400CE5B54 /* Categories */,
				65C34F2E0F5B903100D4A125 /* Models */,
				6536BD450F5049BC00E381FD /* Views */,
				28C286DF0D94DF7D0034E888 /* RootViewController.h */,
				28C286E00D94DF7D0034E888 /* RootViewController.m */,
				1D3623240D0F684500981E51 /* RegularReminderAppDelegate.h */,
				1D3623250D0F684500981E51 /* RegularReminderAppDelegate.m */,
				656BC31B0F47A79800FF25A5 /* MedicationDetailsController.h */,
				656BC31C0F47A79800FF25A5 /* MedicationDetailsController.m */,
				658354220F757EAF00CE5B54 /* MedicationSearchController.h */,
				658354230F757EAF00CE5B54 /* MedicationSearchController.m */,
			);
			path = Classes;
			sourceTree = "<group>";
		};
		19C28FACFE9D520D11CA2CBB /* Products */ = {
			isa = PBXGroup;
			children = (
				1D6058910D05DD3D006BFB54 /* iMeds.app */,
			);
			name = Products;
			sourceTree = "<group>";
		};
		29B97314FDCFA39411CA2CEA /* CustomTemplate */ = {
			isa = PBXGroup;
			children = (
				080E96DDFE201D6D7F000001 /* Classes */,
				29B97315FDCFA39411CA2CEA /* Other Sources */,
				29B97317FDCFA39411CA2CEA /* Resources */,
				29B97323FDCFA39411CA2CEA /* Frameworks */,
				19C28FACFE9D520D11CA2CBB /* Products */,
			);
			name = CustomTemplate;
			sourceTree = "<group>";
		};
		29B97315FDCFA39411CA2CEA /* Other Sources */ = {
			isa = PBXGroup;
			children = (
				28A0AAE50D9B0CCF005BE974 /* RegularReminder_Prefix.pch */,
				29B97316FDCFA39411CA2CEA /* main.m */,
			);
			name = "Other Sources";
			sourceTree = "<group>";
		};
		29B97317FDCFA39411CA2CEA /* Resources */ = {
			isa = PBXGroup;
			children = (
				65E3FBBB0F7FE28F00EFD27D /* medications.plist */,
				658354650F75874900CE5B54 /* nibs */,
				658354640F75874400CE5B54 /* images */,
				6536BB9D0F502FFC00E381FD /* sqlite-persistent */,
				8D1107310486CEB800E47090 /* Info.plist */,
			);
			name = Resources;
			sourceTree = "<group>";
		};
		29B97323FDCFA39411CA2CEA /* Frameworks */ = {
			isa = PBXGroup;
			children = (
				654598810F55133F0098678A /* QuartzCore.framework */,
				65BC32610F4B9CF7007A38C6 /* libsqlite3.dylib */,
				1DF5F4DF0D08C38300B7A737 /* UIKit.framework */,
				1D30AB110D05D00D00671497 /* Foundation.framework */,
				2892E40F0DC94CBA00A64D0F /* CoreGraphics.framework */,
			);
			name = Frameworks;
			sourceTree = "<group>";
		};
		6536BB9D0F502FFC00E381FD /* sqlite-persistent */ = {
			isa = PBXGroup;
			children = (
				6536BCCB0F503B8C00E381FD /* NSData-SQLitePersistence.h */,
				6536BCCC0F503B8C00E381FD /* NSData-SQLitePersistence.m */,
				6536BCCD0F503B8C00E381FD /* NSDate-SQLitePersistence.h */,
				6536BCCE0F503B8C00E381FD /* NSDate-SQLitePersistence.m */,
				6536BCCF0F503B8C00E381FD /* NSMutableArray-MultipleSort.h */,
				6536BCD00F503B8C00E381FD /* NSMutableArray-MultipleSort.m */,
				6536BCD10F503B8C00E381FD /* NSMutableData-SQLitePersistence.h */,
				6536BCD20F503B8C00E381FD /* NSMutableData-SQLitePersistence.m */,
				6536BCD30F503B8C00E381FD /* NSNumber-SQLitePersistence.h */,
				6536BCD40F503B8C00E381FD /* NSNumber-SQLitePersistence.m */,
				6536BCD50F503B8C00E381FD /* NSObject-ClassName.h */,
				6536BCD60F503B8C00E381FD /* NSObject-ClassName.m */,
				6536BCD70F503B8C00E381FD /* NSObject-MissingKV.h */,
				6536BCD80F503B8C00E381FD /* NSObject-MissingKV.m */,
				6536BCD90F503B8C00E381FD /* NSObject-SQLitePersistence.h */,
				6536BCDA0F503B8C00E381FD /* NSObject-SQLitePersistence.m */,
				6536BCDB0F503B8C00E381FD /* NSString-NumberStuff.h */,
				6536BCDC0F503B8C00E381FD /* NSString-NumberStuff.m */,
				6536BCDD0F503B8C00E381FD /* NSString-SQLiteColumnName.h */,
				6536BCDE0F503B8C00E381FD /* NSString-SQLiteColumnName.m */,
				6536BCDF0F503B8C00E381FD /* NSString-SQLitePersistence.h */,
				6536BCE00F503B8C00E381FD /* NSString-SQLitePersistence.m */,
				6536BCE10F503B8D00E381FD /* NSString-UppercaseFirst.h */,
				6536BCE20F503B8D00E381FD /* NSString-UppercaseFirst.m */,
				6536BCE30F503B8D00E381FD /* SQLiteInstanceManager.h */,
				6536BCE40F503B8D00E381FD /* SQLiteInstanceManager.m */,
				6536BCE50F503B8D00E381FD /* SQLitePersistentObject.h */,
				6536BCE60F503B8D00E381FD /* SQLitePersistentObject.m */,
				6536BCE70F503B8D00E381FD /* UIColor-SQLitePersistentObject.h */,
				6536BCE80F503B8D00E381FD /* UIColor-SQLitePersistentObject.m */,
				6536BCE90F503B8D00E381FD /* UIImage-SQLitePersistence.h */,
				6536BCEA0F503B8D00E381FD /* UIImage-SQLitePersistence.m */,
			);
			name = "sqlite-persistent";
			sourceTree = "<group>";
		};
		6536BD450F5049BC00E381FD /* Views */ = {
			isa = PBXGroup;
			children = (
				6536BEB40F506CA300E381FD /* ReminderCell.h */,
				6536BEB50F506CA300E381FD /* ReminderCell.m */,
				6536BD420F50492300E381FD /* ReminderIntervalPicker.h */,
				6536BD430F50492300E381FD /* ReminderIntervalPicker.m */,
			);
			name = Views;
			sourceTree = "<group>";
		};
		658354350F757F9400CE5B54 /* Categories */ = {
			isa = PBXGroup;
			children = (
				658354380F75800A00CE5B54 /* NSDictionary-MutableDeepCopy.m */,
				658354390F75800A00CE5B54 /* NSDictionary-MutableDeepCopy.h */,
			);
			name = Categories;
			sourceTree = "<group>";
		};
		658354640F75874400CE5B54 /* images */ = {
			isa = PBXGroup;
			children = (
				654597D40F54FAC80098678A /* blueButton.png */,
				658354620F75874200CE5B54 /* searchicon.png */,
			);
			name = images;
			sourceTree = "<group>";
		};
		658354650F75874900CE5B54 /* nibs */ = {
			isa = PBXGroup;
			children = (
				2899E55F0DE3E45000AC0155 /* RootViewController.xib */,
				28AD735F0D9D9599002E5188 /* MainWindow.xib */,
				656BC3780F47AD1300FF25A5 /* ReminderDetails.xib */,
				6536BEB70F506CBE00E381FD /* ReminderCell.xib */,
				658354410F75817400CE5B54 /* MedicationSearch.xib */,
			);
			name = nibs;
			sourceTree = "<group>";
		};
		65C34F2E0F5B903100D4A125 /* Models */ = {
			isa = PBXGroup;
			children = (
				651EAA300F4BA068000D9C76 /* Medication.h */,
				651EAA310F4BA068000D9C76 /* Medication.m */,
				65FBB7970F6205AA000A43F1 /* MedicationLog.h */,
				65FBB7980F6205AA000A43F1 /* MedicationLog.m */,
			);
			name = Models;
			sourceTree = "<group>";
		};
/* End PBXGroup section */

/* Begin PBXNativeTarget section */
		1D6058900D05DD3D006BFB54 /* iMeds */ = {
			isa = PBXNativeTarget;
			buildConfigurationList = 1D6058960D05DD3E006BFB54 /* Build configuration list for PBXNativeTarget "iMeds" */;
			buildPhases = (
				1D60588D0D05DD3D006BFB54 /* Resources */,
				1D60588E0D05DD3D006BFB54 /* Sources */,
				1D60588F0D05DD3D006BFB54 /* Frameworks */,
			);
			buildRules = (
			);
			dependencies = (
			);
			name = iMeds;
			productName = RegularReminder;
			productReference = 1D6058910D05DD3D006BFB54 /* iMeds.app */;
			productType = "com.apple.product-type.application";
		};
/* End PBXNativeTarget section */

/* Begin PBXProject section */
		29B97313FDCFA39411CA2CEA /* Project object */ = {
			isa = PBXProject;
			buildConfigurationList = C01FCF4E08A954540054247B /* Build configuration list for PBXProject "RegularReminder" */;
			compatibilityVersion = "Xcode 3.1";
			hasScannedForEncodings = 1;
			knownRegions = (
				English,
				Japanese,
				French,
				German,
				en,
			);
			mainGroup = 29B97314FDCFA39411CA2CEA /* CustomTemplate */;
			projectDirPath = "";
			projectRoot = "";
			targets = (
				1D6058900D05DD3D006BFB54 /* iMeds */,
			);
		};
/* End PBXProject section */

/* Begin PBXResourcesBuildPhase section */
		1D60588D0D05DD3D006BFB54 /* Resources */ = {
			isa = PBXResourcesBuildPhase;
			buildActionMask = 2147483647;
			files = (
				28AD73600D9D9599002E5188 /* MainWindow.xib in Resources */,
				2899E5600DE3E45000AC0155 /* RootViewController.xib in Resources */,
				656BC3790F47AD1300FF25A5 /* ReminderDetails.xib in Resources */,
				6536BEB80F506CBE00E381FD /* ReminderCell.xib in Resources */,
				654597D50F54FAC80098678A /* blueButton.png in Resources */,
				658354420F75817400CE5B54 /* MedicationSearch.xib in Resources */,
				658354630F75874200CE5B54 /* searchicon.png in Resources */,
				65E3FBBC0F7FE28F00EFD27D /* medications.plist in Resources */,
			);
			runOnlyForDeploymentPostprocessing = 0;
		};
/* End PBXResourcesBuildPhase section */

/* Begin PBXSourcesBuildPhase section */
		1D60588E0D05DD3D006BFB54 /* Sources */ = {
			isa = PBXSourcesBuildPhase;
			buildActionMask = 2147483647;
			files = (
				1D60589B0D05DD56006BFB54 /* main.m in Sources */,
				1D3623260D0F684500981E51 /* RegularReminderAppDelegate.m in Sources */,
				28C286E10D94DF7D0034E888 /* RootViewController.m in Sources */,
				656BC31D0F47A79800FF25A5 /* MedicationDetailsController.m in Sources */,
				651EAA320F4BA068000D9C76 /* Medication.m in Sources */,
				6536BCEB0F503B8D00E381FD /* NSData-SQLitePersistence.m in Sources */,
				6536BCEC0F503B8D00E381FD /* NSDate-SQLitePersistence.m in Sources */,
				6536BCED0F503B8D00E381FD /* NSMutableArray-MultipleSort.m in Sources */,
				6536BCEE0F503B8D00E381FD /* NSMutableData-SQLitePersistence.m in Sources */,
				6536BCEF0F503B8D00E381FD /* NSNumber-SQLitePersistence.m in Sources */,
				6536BCF00F503B8D00E381FD /* NSObject-ClassName.m in Sources */,
				6536BCF10F503B8D00E381FD /* NSObject-MissingKV.m in Sources */,
				6536BCF20F503B8D00E381FD /* NSObject-SQLitePersistence.m in Sources */,
				6536BCF30F503B8D00E381FD /* NSString-NumberStuff.m in Sources */,
				6536BCF40F503B8D00E381FD /* NSString-SQLiteColumnName.m in Sources */,
				6536BCF50F503B8D00E381FD /* NSString-SQLitePersistence.m in Sources */,
				6536BCF60F503B8D00E381FD /* NSString-UppercaseFirst.m in Sources */,
				6536BCF70F503B8D00E381FD /* SQLiteInstanceManager.m in Sources */,
				6536BCF80F503B8D00E381FD /* SQLitePersistentObject.m in Sources */,
				6536BCF90F503B8D00E381FD /* UIColor-SQLitePersistentObject.m in Sources */,
				6536BCFA0F503B8D00E381FD /* UIImage-SQLitePersistence.m in Sources */,
				6536BD440F50492300E381FD /* ReminderIntervalPicker.m in Sources */,
				6536BEB60F506CA300E381FD /* ReminderCell.m in Sources */,
				65FBB7990F6205AA000A43F1 /* MedicationLog.m in Sources */,
				658354240F757EAF00CE5B54 /* MedicationSearchController.m in Sources */,
				6583543A0F75800A00CE5B54 /* NSDictionary-MutableDeepCopy.m in Sources */,
			);
			runOnlyForDeploymentPostprocessing = 0;
		};
/* End PBXSourcesBuildPhase section */

/* Begin XCBuildConfiguration section */
		1D6058940D05DD3E006BFB54 /* Debug */ = {
			isa = XCBuildConfiguration;
			buildSettings = {
				ALWAYS_SEARCH_USER_PATHS = NO;
				COPY_PHASE_STRIP = NO;
				GCC_DYNAMIC_NO_PIC = NO;
				GCC_OPTIMIZATION_LEVEL = 0;
				GCC_PRECOMPILE_PREFIX_HEADER = YES;
				GCC_PREFIX_HEADER = RegularReminder_Prefix.pch;
				INFOPLIST_FILE = Info.plist;
				LIBRARY_SEARCH_PATHS = (
					"$(inherited)",
					"\"$(SDKROOT)/../../../../../../Users/daniel/cocoa/iphone/RegularReminder\"",
				);
				PRODUCT_NAME = RegularReminder;
			};
			name = Debug;
		};
		1D6058950D05DD3E006BFB54 /* Release */ = {
			isa = XCBuildConfiguration;
			buildSettings = {
				ALWAYS_SEARCH_USER_PATHS = NO;
				COPY_PHASE_STRIP = YES;
				GCC_PRECOMPILE_PREFIX_HEADER = YES;
				GCC_PREFIX_HEADER = RegularReminder_Prefix.pch;
				INFOPLIST_FILE = Info.plist;
				LIBRARY_SEARCH_PATHS = (
					"$(inherited)",
					"\"$(SDKROOT)/../../../../../../Users/daniel/cocoa/iphone/RegularReminder\"",
				);
				PRODUCT_NAME = iMeds;
			};
			name = Release;
		};
		C01FCF4F08A954540054247B /* Debug */ = {
			isa = XCBuildConfiguration;
			buildSettings = {
				ARCHS = "$(ARCHS_STANDARD_32_BIT)";
				"CODE_SIGN_IDENTITY[sdk=iphoneos*]" = "iPhone Developer";
				GCC_C_LANGUAGE_STANDARD = c99;
				GCC_WARN_ABOUT_RETURN_TYPE = YES;
				GCC_WARN_UNUSED_VARIABLE = YES;
				ONLY_ACTIVE_ARCH = YES;
				PREBINDING = NO;
				SDKROOT = iphoneos2.2.1;
			};
			name = Debug;
		};
		C01FCF5008A954540054247B /* Release */ = {
			isa = XCBuildConfiguration;
			buildSettings = {
				ARCHS = "$(ARCHS_STANDARD_32_BIT)";
				"CODE_SIGN_IDENTITY[sdk=iphoneos*]" = "iPhone Developer";
				GCC_C_LANGUAGE_STANDARD = c99;
				GCC_WARN_ABOUT_RETURN_TYPE = YES;
				GCC_WARN_UNUSED_VARIABLE = YES;
				PREBINDING = NO;
				SDKROOT = iphoneos2.2.1;
			};
			name = Release;
		};
/* End XCBuildConfiguration section */

/* Begin XCConfigurationList section */
		1D6058960D05DD3E006BFB54 /* Build configuration list for PBXNativeTarget "iMeds" */ = {
			isa = XCConfigurationList;
			buildConfigurations = (
				1D6058940D05DD3E006BFB54 /* Debug */,
				1D6058950D05DD3E006BFB54 /* Release */,
			);
			defaultConfigurationIsVisible = 0;
			defaultConfigurationName = Release;
		};
		C01FCF4E08A954540054247B /* Build configuration list for PBXProject "RegularReminder" */ = {
			isa = XCConfigurationList;
			buildConfigurations = (
				C01FCF4F08A954540054247B /* Debug */,
				C01FCF5008A954540054247B /* Release */,
			);
			defaultConfigurationIsVisible = 0;
			defaultConfigurationName = Release;
		};
/* End XCConfigurationList section */
	};
	rootObject = 29B97313FDCFA39411CA2CEA /* Project object */;
}
